<?xml version="1.0" encoding="utf-8"?>
<Project ToolsVersion="4.0" xmlns="http://schemas.microsoft.com/developer/msbuild/2003">
  <ItemGroup>
    <Filter Include="Source Files">
      <UniqueIdentifier>{4FC737F1-C7A5-4376-A066-2A32D752A2FF}</UniqueIdentifier>
      <Extensions>cpp;c;cc;cxx;def;odl;idl;hpj;bat;asm;asmx</Extensions>
    </Filter>
    <Filter Include="Header Files">
      <UniqueIdentifier>{93995380-89BD-4b04-88EB-625FBE52EBFB}</UniqueIdentifier>
      <Extensions>h;hh;hpp;hxx;hm;inl;inc;xsd</Extensions>
    </Filter>
    <Filter Include="Resource Files">
      <UniqueIdentifier>{67DA6AB6-F800-4c08-8B7A-83BB121AAD01}</UniqueIdentifier>
      <Extensions>rc;ico;cur;bmp;dlg;rc2;rct;bin;rgs;gif;jpg;jpeg;jpe;resx;tiff;tif;png;wav</Extensions>
    </Filter>
    <Filter Include="Shaders">
      <UniqueIdentifier>{c662ffb3-427a-4451-b9b2-065e33810322}</UniqueIdentifier>
    </Filter>
  </ItemGroup>
  <ItemGroup>
    <None Include="Shaders\equalizer.frag">
      <Filter>Shaders</Filter>
    </None>
    <None Include="Shaders\equalizer.vert">
      <Filter>Shaders</Filter>
    </None>
    <None Include="Shaders\fragment.frag">
      <Filter>Shaders</Filter>
    </None>
    <None Include="Shaders\GUI.frag">
      <Filter>Shaders</Filter>
    </None>
    <None Include="Shaders\GUI.vert">
      <Filter>Shaders</Filter>
    </None>
    <None Include="Shaders\plasma.frag">
      <Filter>Shaders</Filter>
    </None>
    <None Include="Shaders\plasma.vert">
      <Filter>Shaders</Filter>
    </None>
    <None Include="Shaders\Text.frag">
      <Filter>Shaders</Filter>
    </None>
    <None Include="Shaders\Text.vert">
      <Filter>Shaders</Filter>
    </None>
    <None Include="Shaders\texture.frag">
      <Filter>Shaders</Filter>
    </None>
    <None Include="Shaders\texture.vert">
      <Filter>Shaders</Filter>
    </None>
    <None Include="Shaders\vertex.vert">
      <Filter>Shaders</Filter>
    </None>
    <None Include="res\test\a.bams">
      <Filter>Resource Files</Filter>
    </None>
    <None Include="res\test\bnbn.bam">
      <Filter>Resource Files</Filter>
    </None>
    <None Include="res\test\bts.bam">
      <Filter>Resource Files</Filter>
    </None>
    <None Include="res\test\btss.bam">
      <Filter>Resource Files</Filter>
    </None>
    <None Include="res\test\cubetss.bam">
      <Filter>Resource Files</Filter>
    </None>
    <None Include="res\test\fisf5.bams">
      <Filter>Resource Files</Filter>
    </None>
    <None Include="res\test\p2reduweight.bam">
      <Filter>Resource Files</Filter>
    </None>
    <None Include="res\test\p2reduweightt.bam">
      <Filter>Resource Files</Filter>
    </None>
    <None Include="res\test\pony.bam">
      <Filter>Resource Files</Filter>
    </None>
    <None Include="res\test\pony2.bam">
      <Filter>Resource Files</Filter>
    </None>
    <None Include="res\test\pt.bam">
      <Filter>Resource Files</Filter>
    </None>
    <None Include="res\test\splitcube.bam">
      <Filter>Resource Files</Filter>
    </None>
    <None Include="res\test\strzalkav2.bam">
      <Filter>Resource Files</Filter>
    </None>
    <None Include="res\test\szklankav2.bam">
      <Filter>Resource Files</Filter>
    </None>
    <None Include="res\test\test.bam">
      <Filter>Resource Files</Filter>
    </None>
    <None Include="res\test\texturedPlane.bam">
      <Filter>Resource Files</Filter>
    </None>
    <None Include="res\test\texturedPlane2.bam">
      <Filter>Resource Files</Filter>
    </None>
    <None Include="res\test\texturedPlane3.bam">
      <Filter>Resource Files</Filter>
    </None>
    <None Include="res\test\texturedPlane3n.bam">
      <Filter>Resource Files</Filter>
    </None>
    <None Include="res\test\vulc.bam">
      <Filter>Resource Files</Filter>
    </None>
    <None Include="res\test\vulc2.bam">
      <Filter>Resource Files</Filter>
    </None>
    <None Include="res\test\wA.bam">
      <Filter>Resource Files</Filter>
    </None>
    <None Include="res\test\wAt.bam">
      <Filter>Resource Files</Filter>
    </None>
    <None Include="res\test\wAtf.bam">
      <Filter>Resource Files</Filter>
    </None>
    <None Include="res\test\wAtf2.bam">
      <Filter>Resource Files</Filter>
    </None>
    <None Include="res\test\wodav2.bam">
      <Filter>Resource Files</Filter>
    </None>
    <None Include="res\test\wtf.bams">
      <Filter>Resource Files</Filter>
    </None>
    <None Include="res\test\actionstest.bams" />
    <None Include="packages.config" />
  </ItemGroup>
  <ItemGroup>
    <ClInclude Include="include\Action.h">
      <Filter>Header Files</Filter>
    </ClInclude>
    <ClInclude Include="include\ActorTextureMatrixMaterial.h">
      <Filter>Header Files</Filter>
    </ClInclude>
    <ClInclude Include="include\AnimatedActor.h">
      <Filter>Header Files</Filter>
    </ClInclude>
    <ClInclude Include="include\Armature.h">
      <Filter>Header Files</Filter>
    </ClInclude>
    <ClInclude Include="include\BamFileReader.h">
      <Filter>Header Files</Filter>
    </ClInclude>
    <ClInclude Include="include\Bone.h">
      <Filter>Header Files</Filter>
    </ClInclude>
    <ClInclude Include="include\BoneFrameMatrix.h">
      <Filter>Header Files</Filter>
    </ClInclude>
    <ClInclude Include="include\Camera.h">
      <Filter>Header Files</Filter>
    </ClInclude>
    <ClInclude Include="include\Config.h">
      <Filter>Header Files</Filter>
    </ClInclude>
    <ClInclude Include="include\DrawingContext.h">
      <Filter>Header Files</Filter>
    </ClInclude>
    <ClInclude Include="include\Entity.h">
      <Filter>Header Files</Filter>
    </ClInclude>
    <ClInclude Include="include\FontRasterizer.h">
      <Filter>Header Files</Filter>
    </ClInclude>
    <ClInclude Include="include\GuiUtility.h">
      <Filter>Header Files</Filter>
    </ClInclude>
    <ClInclude Include="include\Image.h">
      <Filter>Header Files</Filter>
    </ClInclude>
    <ClInclude Include="include\Keyframe.h">
      <Filter>Header Files</Filter>
    </ClInclude>
    <ClInclude Include="include\Light.h">
      <Filter>Header Files</Filter>
    </ClInclude>
    <ClInclude Include="include\Main.h">
      <Filter>Header Files</Filter>
    </ClInclude>
    <ClInclude Include="include\MainEngine.h">
      <Filter>Header Files</Filter>
    </ClInclude>
    <ClInclude Include="include\MainLoop.h">
      <Filter>Header Files</Filter>
    </ClInclude>
    <ClInclude Include="include\Material.h">
      <Filter>Header Files</Filter>
    </ClInclude>
    <ClInclude Include="include\Mesh.h">
      <Filter>Header Files</Filter>
    </ClInclude>
    <ClInclude Include="include\MeshGeneric.h">
      <Filter>Header Files</Filter>
    </ClInclude>
    <ClInclude Include="include\ParticleSystem.h">
      <Filter>Header Files</Filter>
    </ClInclude>
    <ClInclude Include="include\Renderer.h">
      <Filter>Header Files</Filter>
    </ClInclude>
    <ClInclude Include="include\Scene.h">
      <Filter>Header Files</Filter>
    </ClInclude>
    <ClInclude Include="include\SingleMatrixMaterial.h">
      <Filter>Header Files</Filter>
    </ClInclude>
    <ClInclude Include="include\SingleTextureMatrixMaterial.h">
      <Filter>Header Files</Filter>
    </ClInclude>
    <ClInclude Include="include\Targa.h">
      <Filter>Header Files</Filter>
    </ClInclude>
    <ClInclude Include="include\TextboxEntity.h">
      <Filter>Header Files</Filter>
    </ClInclude>
    <ClInclude Include="include\TimerController.h">
      <Filter>Header Files</Filter>
    </ClInclude>
    <ClInclude Include="include\TimerEvent.h">
      <Filter>Header Files</Filter>
    </ClInclude>
    <ClInclude Include="include\Utility.h">
      <Filter>Header Files</Filter>
    </ClInclude>
    <ClInclude Include="include\VertexAttributes.h">
      <Filter>Header Files</Filter>
    </ClInclude>
    <ClInclude Include="include\Window.h">
      <Filter>Header Files</Filter>
    </ClInclude>
  </ItemGroup>
  <ItemGroup>
    <ClCompile Include="src\Action.cpp">
      <Filter>Source Files</Filter>
    </ClCompile>
    <ClCompile Include="src\ActorTextureMatrixMaterial.cpp">
      <Filter>Source Files</Filter>
    </ClCompile>
    <ClCompile Include="src\AnimatedActor.cpp">
      <Filter>Source Files</Filter>
    </ClCompile>
    <ClCompile Include="src\Armature.cpp">
      <Filter>Source Files</Filter>
    </ClCompile>
    <ClCompile Include="src\BamFileReader.cpp">
      <Filter>Source Files</Filter>
    </ClCompile>
    <ClCompile Include="src\Bone.cpp">
      <Filter>Source Files</Filter>
    </ClCompile>
    <ClCompile Include="src\BoneFrameMatrix.cpp">
      <Filter>Source Files</Filter>
    </ClCompile>
    <ClCompile Include="src\Camera.cpp">
      <Filter>Source Files</Filter>
    </ClCompile>
    <ClCompile Include="src\DrawingContext.cpp">
      <Filter>Source Files</Filter>
    </ClCompile>
    <ClCompile Include="src\Entity.cpp">
      <Filter>Source Files</Filter>
    </ClCompile>
    <ClCompile Include="src\FontRasterizer.cpp">
      <Filter>Source Files</Filter>
    </ClCompile>
    <ClCompile Include="src\GuiUtility.cpp">
      <Filter>Source Files</Filter>
    </ClCompile>
    <ClCompile Include="src\Image.cpp">
      <Filter>Source Files</Filter>
    </ClCompile>
    <ClCompile Include="src\Keyframe.cpp">
      <Filter>Source Files</Filter>
    </ClCompile>
    <ClCompile Include="src\Light.cpp">
      <Filter>Source Files</Filter>
    </ClCompile>
    <ClCompile Include="src\main.cpp">
      <Filter>Source Files</Filter>
    </ClCompile>
    <ClCompile Include="src\MainEngine.cpp">
      <Filter>Source Files</Filter>
    </ClCompile>
    <ClCompile Include="src\MainLoop.cpp">
      <Filter>Source Files</Filter>
    </ClCompile>
    <ClCompile Include="src\Material.cpp">
      <Filter>Source Files</Filter>
    </ClCompile>
    <ClCompile Include="src\Mesh.cpp">
      <Filter>Source Files</Filter>
    </ClCompile>
    <ClCompile Include="src\MeshGeneric.cpp">
      <Filter>Source Files</Filter>
    </ClCompile>
    <ClCompile Include="src\ParticleSystem.cpp">
      <Filter>Source Files</Filter>
    </ClCompile>
    <ClCompile Include="src\Renderer.cpp">
      <Filter>Source Files</Filter>
    </ClCompile>
    <ClCompile Include="src\Scene.cpp">
      <Filter>Source Files</Filter>
    </ClCompile>
    <ClCompile Include="src\SingleMatrixMaterial.cpp">
      <Filter>Source Files</Filter>
    </ClCompile>
    <ClCompile Include="src\SingleTextureMatrixMaterial.cpp">
      <Filter>Source Files</Filter>
    </ClCompile>
    <ClCompile Include="src\Targa.cpp">
      <Filter>Source Files</Filter>
    </ClCompile>
    <ClCompile Include="src\TextboxEntity.cpp">
      <Filter>Source Files</Filter>
    </ClCompile>
    <ClCompile Include="src\TimerController.cpp">
      <Filter>Source Files</Filter>
    </ClCompile>
    <ClCompile Include="src\TimerEvent.cpp">
      <Filter>Source Files</Filter>
    </ClCompile>
    <ClCompile Include="src\Utility.cpp">
      <Filter>Source Files</Filter>
    </ClCompile>
    <ClCompile Include="src\VertexAttributes.cpp">
      <Filter>Source Files</Filter>
    </ClCompile>
    <ClCompile Include="src\Window.cpp">
      <Filter>Source Files</Filter>
    </ClCompile>
  </ItemGroup>
  <ItemGroup>
    <Image Include="res\test\1.tga">
      <Filter>Resource Files</Filter>
    </Image>
    <Image Include="res\test\a.tga">
      <Filter>Resource Files</Filter>
    </Image>
    <Image Include="res\test\nor.tga">
      <Filter>Resource Files</Filter>
    </Image>
    <Image Include="res\test\nor2.tga">
      <Filter>Resource Files</Filter>
    </Image>
    <Image Include="res\test\nor3.tga">
      <Filter>Resource Files</Filter>
    </Image>
    <Image Include="res\test\nor4.tga">
      <Filter>Resource Files</Filter>
    </Image>
    <Image Include="res\test\nor5.tga">
      <Filter>Resource Files</Filter>
    </Image>
    <Image Include="res\test\spacestock.tga">
      <Filter>Resource Files</Filter>
    </Image>
    <Image Include="res\test\st.tga">
      <Filter>Resource Files</Filter>
    </Image>
    <Image Include="res\test\star.tga">
      <Filter>Resource Files</Filter>
    </Image>
    <Image Include="res\test\stormcrowdone211.tga">
      <Filter>Resource Files</Filter>
    </Image>
  </ItemGroup>
  <ItemGroup>
    <Font Include="res\test\Hack-Bold.ttf">
      <Filter>Resource Files</Filter>
    </Font>
    <Font Include="res\test\Hack-BoldOblique.ttf">
      <Filter>Resource Files</Filter>
    </Font>
    <Font Include="res\test\Hack-Regular.ttf">
      <Filter>Resource Files</Filter>
    </Font>
    <Font Include="res\test\Hack-RegularOblique.ttf">
      <Filter>Resource Files</Filter>
    </Font>
    <Font Include="res\test\tahoma.ttf">
      <Filter>Resource Files</Filter>
    </Font>
    <Font Include="res\test\tahomabd.ttf">
      <Filter>Resource Files</Filter>
    </Font>
  </ItemGroup>
  <ItemGroup>
    <CopyFileToFolders Include="res\aquarium3.bams">
      <Filter>Resource Files</Filter>
    </CopyFileToFolders>
  </ItemGroup>
</Project>